// !$*UTF8*$!
{
	archiveVersion = 1;
	classes = {
	};
	objectVersion = 52;
	objects = {

/* Begin PBXBuildFile section */
		9B0C443F25F7157F001B3028 /* AuthModel.swift in Sources */ = {isa = PBXBuildFile; fileRef = 9B0C443E25F7157F001B3028 /* AuthModel.swift */; };
		9B0C444825F719ED001B3028 /* Bundle+Values.swift in Sources */ = {isa = PBXBuildFile; fileRef = 9B0C444725F719ED001B3028 /* Bundle+Values.swift */; };
		9B0C6FCB25F620DD00927854 /* TelegramService.swift in Sources */ = {isa = PBXBuildFile; fileRef = 9B0C6FCA25F620DD00927854 /* TelegramService.swift */; };
		9B414A6226020050008D8F33 /* TelegramShape.swift in Sources */ = {isa = PBXBuildFile; fileRef = 9B414A6126020050008D8F33 /* TelegramShape.swift */; };
		9B5829AF25F37D6600B77BCC /* Telegram WatchKit App.app in Embed Watch Content */ = {isa = PBXBuildFile; fileRef = 9B5829AE25F37D6600B77BCC /* Telegram WatchKit App.app */; settings = {ATTRIBUTES = (RemoveHeadersOnCopy, ); }; };
		9B5829B525F37D6600B77BCC /* Interface.storyboard in Resources */ = {isa = PBXBuildFile; fileRef = 9B5829B325F37D6600B77BCC /* Interface.storyboard */; };
		9B5829B725F37D6A00B77BCC /* Assets.xcassets in Resources */ = {isa = PBXBuildFile; fileRef = 9B5829B625F37D6A00B77BCC /* Assets.xcassets */; };
		9B5829BE25F37D6B00B77BCC /* Telegram WatchKit Extension.appex in Embed App Extensions */ = {isa = PBXBuildFile; fileRef = 9B5829BD25F37D6B00B77BCC /* Telegram WatchKit Extension.appex */; settings = {ATTRIBUTES = (RemoveHeadersOnCopy, ); }; };
		9B5829C325F37D6B00B77BCC /* HostingController.swift in Sources */ = {isa = PBXBuildFile; fileRef = 9B5829C225F37D6B00B77BCC /* HostingController.swift */; };
		9B5829C525F37D6B00B77BCC /* ContentView.swift in Sources */ = {isa = PBXBuildFile; fileRef = 9B5829C425F37D6B00B77BCC /* ContentView.swift */; };
		9B5829C725F37D6B00B77BCC /* ExtensionDelegate.swift in Sources */ = {isa = PBXBuildFile; fileRef = 9B5829C625F37D6B00B77BCC /* ExtensionDelegate.swift */; };
		9B5829C925F37D6B00B77BCC /* NotificationController.swift in Sources */ = {isa = PBXBuildFile; fileRef = 9B5829C825F37D6B00B77BCC /* NotificationController.swift */; };
		9B5829CB25F37D6B00B77BCC /* NotificationView.swift in Sources */ = {isa = PBXBuildFile; fileRef = 9B5829CA25F37D6B00B77BCC /* NotificationView.swift */; };
		9B5829CD25F37D6B00B77BCC /* ComplicationController.swift in Sources */ = {isa = PBXBuildFile; fileRef = 9B5829CC25F37D6B00B77BCC /* ComplicationController.swift */; };
		9B5829CF25F37D6C00B77BCC /* Assets.xcassets in Resources */ = {isa = PBXBuildFile; fileRef = 9B5829CE25F37D6C00B77BCC /* Assets.xcassets */; };
		9B5829D225F37D6C00B77BCC /* Preview Assets.xcassets in Resources */ = {isa = PBXBuildFile; fileRef = 9B5829D125F37D6C00B77BCC /* Preview Assets.xcassets */; };
		9B6695572604599B006E44E8 /* BadgeView.swift in Sources */ = {isa = PBXBuildFile; fileRef = 9B6695562604599B006E44E8 /* BadgeView.swift */; };
		9B66956E2604E81E006E44E8 /* ChatList.swift in Sources */ = {isa = PBXBuildFile; fileRef = 9B66956D2604E81E006E44E8 /* ChatList.swift */; };
		9B6695732604E87E006E44E8 /* ChatListModel.swift in Sources */ = {isa = PBXBuildFile; fileRef = 9B6695722604E87E006E44E8 /* ChatListModel.swift */; };
		9B68CD87260F3FBE00587EF8 /* TDLib in Frameworks */ = {isa = PBXBuildFile; productRef = 9B68CD86260F3FBE00587EF8 /* TDLib */; };
		9B861B9125F5D257007BAF8C /* QRCodeGenerator in Frameworks */ = {isa = PBXBuildFile; productRef = 9B861B9025F5D257007BAF8C /* QRCodeGenerator */; };
		9B861B9625F5D6FD007BAF8C /* QRCodeShape.swift in Sources */ = {isa = PBXBuildFile; fileRef = 9B861B9525F5D6FD007BAF8C /* QRCodeShape.swift */; };
		9B861B9B25F5E302007BAF8C /* LogInView.swift in Sources */ = {isa = PBXBuildFile; fileRef = 9B861B9A25F5E302007BAF8C /* LogInView.swift */; };
		9BC2426B2601D07D00FE83D8 /* MessageContent+StringConvertible.swift in Sources */ = {isa = PBXBuildFile; fileRef = 9BC2426A2601D07D00FE83D8 /* MessageContent+StringConvertible.swift */; };
		9BEA737426007D2600357A8C /* ChatRow.swift in Sources */ = {isa = PBXBuildFile; fileRef = 9BEA737326007D2600357A8C /* ChatRow.swift */; };
/* End PBXBuildFile section */

/* Begin PBXContainerItemProxy section */
		9B5829B025F37D6600B77BCC /* PBXContainerItemProxy */ = {
			isa = PBXContainerItemProxy;
			containerPortal = 9B5829A425F37D6600B77BCC /* Project object */;
			proxyType = 1;
			remoteGlobalIDString = 9B5829AD25F37D6600B77BCC;
			remoteInfo = "Telegram WatchKit App";
		};
		9B5829BF25F37D6B00B77BCC /* PBXContainerItemProxy */ = {
			isa = PBXContainerItemProxy;
			containerPortal = 9B5829A425F37D6600B77BCC /* Project object */;
			proxyType = 1;
			remoteGlobalIDString = 9B5829BC25F37D6B00B77BCC;
			remoteInfo = "Telegram WatchKit Extension";
		};
/* End PBXContainerItemProxy section */

/* Begin PBXCopyFilesBuildPhase section */
		9B5829DA25F37D6C00B77BCC /* Embed App Extensions */ = {
			isa = PBXCopyFilesBuildPhase;
			buildActionMask = 2147483647;
			dstPath = "";
			dstSubfolderSpec = 13;
			files = (
				9B5829BE25F37D6B00B77BCC /* Telegram WatchKit Extension.appex in Embed App Extensions */,
			);
			name = "Embed App Extensions";
			runOnlyForDeploymentPostprocessing = 0;
		};
		9B5829DE25F37D6C00B77BCC /* Embed Watch Content */ = {
			isa = PBXCopyFilesBuildPhase;
			buildActionMask = 2147483647;
			dstPath = "$(CONTENTS_FOLDER_PATH)/Watch";
			dstSubfolderSpec = 16;
			files = (
				9B5829AF25F37D6600B77BCC /* Telegram WatchKit App.app in Embed Watch Content */,
			);
			name = "Embed Watch Content";
			runOnlyForDeploymentPostprocessing = 0;
		};
/* End PBXCopyFilesBuildPhase section */

/* Begin PBXFileReference section */
		9B0C443E25F7157F001B3028 /* AuthModel.swift */ = {isa = PBXFileReference; lastKnownFileType = sourcecode.swift; path = AuthModel.swift; sourceTree = "<group>"; };
		9B0C444725F719ED001B3028 /* Bundle+Values.swift */ = {isa = PBXFileReference; lastKnownFileType = sourcecode.swift; path = "Bundle+Values.swift"; sourceTree = "<group>"; };
		9B0C6FCA25F620DD00927854 /* TelegramService.swift */ = {isa = PBXFileReference; lastKnownFileType = sourcecode.swift; path = TelegramService.swift; sourceTree = "<group>"; };
		9B414A6126020050008D8F33 /* TelegramShape.swift */ = {isa = PBXFileReference; lastKnownFileType = sourcecode.swift; path = TelegramShape.swift; sourceTree = "<group>"; };
		9B5829AA25F37D6600B77BCC /* Telegram.app */ = {isa = PBXFileReference; explicitFileType = wrapper.application; includeInIndex = 0; path = Telegram.app; sourceTree = BUILT_PRODUCTS_DIR; };
		9B5829AE25F37D6600B77BCC /* Telegram WatchKit App.app */ = {isa = PBXFileReference; explicitFileType = wrapper.application; includeInIndex = 0; path = "Telegram WatchKit App.app"; sourceTree = BUILT_PRODUCTS_DIR; };
		9B5829B425F37D6600B77BCC /* Base */ = {isa = PBXFileReference; lastKnownFileType = file.storyboard; name = Base; path = Base.lproj/Interface.storyboard; sourceTree = "<group>"; };
		9B5829B625F37D6A00B77BCC /* Assets.xcassets */ = {isa = PBXFileReference; lastKnownFileType = folder.assetcatalog; path = Assets.xcassets; sourceTree = "<group>"; };
		9B5829B825F37D6A00B77BCC /* Info.plist */ = {isa = PBXFileReference; lastKnownFileType = text.plist.xml; path = Info.plist; sourceTree = "<group>"; };
		9B5829BD25F37D6B00B77BCC /* Telegram WatchKit Extension.appex */ = {isa = PBXFileReference; explicitFileType = "wrapper.app-extension"; includeInIndex = 0; path = "Telegram WatchKit Extension.appex"; sourceTree = BUILT_PRODUCTS_DIR; };
		9B5829C225F37D6B00B77BCC /* HostingController.swift */ = {isa = PBXFileReference; lastKnownFileType = sourcecode.swift; path = HostingController.swift; sourceTree = "<group>"; };
		9B5829C425F37D6B00B77BCC /* ContentView.swift */ = {isa = PBXFileReference; lastKnownFileType = sourcecode.swift; path = ContentView.swift; sourceTree = "<group>"; };
		9B5829C625F37D6B00B77BCC /* ExtensionDelegate.swift */ = {isa = PBXFileReference; lastKnownFileType = sourcecode.swift; path = ExtensionDelegate.swift; sourceTree = "<group>"; };
		9B5829C825F37D6B00B77BCC /* NotificationController.swift */ = {isa = PBXFileReference; lastKnownFileType = sourcecode.swift; path = NotificationController.swift; sourceTree = "<group>"; };
		9B5829CA25F37D6B00B77BCC /* NotificationView.swift */ = {isa = PBXFileReference; lastKnownFileType = sourcecode.swift; path = NotificationView.swift; sourceTree = "<group>"; };
		9B5829CC25F37D6B00B77BCC /* ComplicationController.swift */ = {isa = PBXFileReference; lastKnownFileType = sourcecode.swift; path = ComplicationController.swift; sourceTree = "<group>"; };
		9B5829CE25F37D6C00B77BCC /* Assets.xcassets */ = {isa = PBXFileReference; lastKnownFileType = folder.assetcatalog; path = Assets.xcassets; sourceTree = "<group>"; };
		9B5829D125F37D6C00B77BCC /* Preview Assets.xcassets */ = {isa = PBXFileReference; lastKnownFileType = folder.assetcatalog; path = "Preview Assets.xcassets"; sourceTree = "<group>"; };
		9B5829D325F37D6C00B77BCC /* Info.plist */ = {isa = PBXFileReference; lastKnownFileType = text.plist.xml; path = Info.plist; sourceTree = "<group>"; };
		9B5829D425F37D6C00B77BCC /* PushNotificationPayload.apns */ = {isa = PBXFileReference; lastKnownFileType = text; path = PushNotificationPayload.apns; sourceTree = "<group>"; };
		9B6695562604599B006E44E8 /* BadgeView.swift */ = {isa = PBXFileReference; lastKnownFileType = sourcecode.swift; path = BadgeView.swift; sourceTree = "<group>"; };
		9B66956D2604E81E006E44E8 /* ChatList.swift */ = {isa = PBXFileReference; lastKnownFileType = sourcecode.swift; path = ChatList.swift; sourceTree = "<group>"; };
		9B6695722604E87E006E44E8 /* ChatListModel.swift */ = {isa = PBXFileReference; lastKnownFileType = sourcecode.swift; path = ChatListModel.swift; sourceTree = "<group>"; };
		9B68CD78260F3E1F00587EF8 /* TDLib */ = {isa = PBXFileReference; lastKnownFileType = folder; path = TDLib; sourceTree = "<group>"; };
		9B861B9525F5D6FD007BAF8C /* QRCodeShape.swift */ = {isa = PBXFileReference; lastKnownFileType = sourcecode.swift; path = QRCodeShape.swift; sourceTree = "<group>"; };
		9B861B9A25F5E302007BAF8C /* LogInView.swift */ = {isa = PBXFileReference; lastKnownFileType = sourcecode.swift; path = LogInView.swift; sourceTree = "<group>"; };
		9BC2426A2601D07D00FE83D8 /* MessageContent+StringConvertible.swift */ = {isa = PBXFileReference; lastKnownFileType = sourcecode.swift; path = "MessageContent+StringConvertible.swift"; sourceTree = "<group>"; };
		9BE5B66E25F6292D00CD20AB /* Config.xcconfig */ = {isa = PBXFileReference; lastKnownFileType = text.xcconfig; path = Config.xcconfig; sourceTree = "<group>"; };
		9BEA737326007D2600357A8C /* ChatRow.swift */ = {isa = PBXFileReference; lastKnownFileType = sourcecode.swift; path = ChatRow.swift; sourceTree = "<group>"; };
/* End PBXFileReference section */

/* Begin PBXFrameworksBuildPhase section */
		9B5829BA25F37D6B00B77BCC /* Frameworks */ = {
			isa = PBXFrameworksBuildPhase;
			buildActionMask = 2147483647;
			files = (
				9B68CD87260F3FBE00587EF8 /* TDLib in Frameworks */,
				9B861B9125F5D257007BAF8C /* QRCodeGenerator in Frameworks */,
			);
			runOnlyForDeploymentPostprocessing = 0;
		};
/* End PBXFrameworksBuildPhase section */

/* Begin PBXGroup section */
		9B0C444625F719D5001B3028 /* Extensions */ = {
			isa = PBXGroup;
			children = (
				9B0C444725F719ED001B3028 /* Bundle+Values.swift */,
				9BC2426A2601D07D00FE83D8 /* MessageContent+StringConvertible.swift */,
			);
			path = Extensions;
			sourceTree = "<group>";
		};
		9B5829A325F37D6600B77BCC = {
			isa = PBXGroup;
			children = (
				9B68CD78260F3E1F00587EF8 /* TDLib */,
				9BE5B66E25F6292D00CD20AB /* Config.xcconfig */,
				9B5829B225F37D6600B77BCC /* Telegram WatchKit App */,
				9B5829C125F37D6B00B77BCC /* Telegram WatchKit Extension */,
				9B5829AB25F37D6600B77BCC /* Products */,
				9B68CD85260F3FBE00587EF8 /* Frameworks */,
			);
			sourceTree = "<group>";
		};
		9B5829AB25F37D6600B77BCC /* Products */ = {
			isa = PBXGroup;
			children = (
				9B5829AA25F37D6600B77BCC /* Telegram.app */,
				9B5829AE25F37D6600B77BCC /* Telegram WatchKit App.app */,
				9B5829BD25F37D6B00B77BCC /* Telegram WatchKit Extension.appex */,
			);
			name = Products;
			sourceTree = "<group>";
		};
		9B5829B225F37D6600B77BCC /* Telegram WatchKit App */ = {
			isa = PBXGroup;
			children = (
				9B5829B325F37D6600B77BCC /* Interface.storyboard */,
				9B5829B625F37D6A00B77BCC /* Assets.xcassets */,
				9B5829B825F37D6A00B77BCC /* Info.plist */,
			);
			path = "Telegram WatchKit App";
			sourceTree = "<group>";
		};
		9B5829C125F37D6B00B77BCC /* Telegram WatchKit Extension */ = {
			isa = PBXGroup;
			children = (
				9B861B8B25F5D196007BAF8C /* LogIn */,
				9BEA737226007C8C00357A8C /* Chats */,
				9B0C444625F719D5001B3028 /* Extensions */,
				9B0C6FCA25F620DD00927854 /* TelegramService.swift */,
				9B5829C225F37D6B00B77BCC /* HostingController.swift */,
				9B5829C425F37D6B00B77BCC /* ContentView.swift */,
				9B5829C625F37D6B00B77BCC /* ExtensionDelegate.swift */,
				9B5829C825F37D6B00B77BCC /* NotificationController.swift */,
				9B5829CA25F37D6B00B77BCC /* NotificationView.swift */,
				9B5829CC25F37D6B00B77BCC /* ComplicationController.swift */,
				9B5829CE25F37D6C00B77BCC /* Assets.xcassets */,
				9B5829D325F37D6C00B77BCC /* Info.plist */,
				9B5829D425F37D6C00B77BCC /* PushNotificationPayload.apns */,
				9B5829D025F37D6C00B77BCC /* Preview Content */,
			);
			path = "Telegram WatchKit Extension";
			sourceTree = "<group>";
		};
		9B5829D025F37D6C00B77BCC /* Preview Content */ = {
			isa = PBXGroup;
			children = (
				9B5829D125F37D6C00B77BCC /* Preview Assets.xcassets */,
			);
			path = "Preview Content";
			sourceTree = "<group>";
		};
		9B68CD85260F3FBE00587EF8 /* Frameworks */ = {
			isa = PBXGroup;
			children = (
			);
			name = Frameworks;
			sourceTree = "<group>";
		};
		9B861B8B25F5D196007BAF8C /* LogIn */ = {
			isa = PBXGroup;
			children = (
				9B0C443E25F7157F001B3028 /* AuthModel.swift */,
				9B861B9A25F5E302007BAF8C /* LogInView.swift */,
				9B861B9525F5D6FD007BAF8C /* QRCodeShape.swift */,
				9B414A6126020050008D8F33 /* TelegramShape.swift */,
			);
			path = LogIn;
			sourceTree = "<group>";
		};
		9BEA737226007C8C00357A8C /* Chats */ = {
			isa = PBXGroup;
			children = (
				9B6695722604E87E006E44E8 /* ChatListModel.swift */,
				9B66956D2604E81E006E44E8 /* ChatList.swift */,
				9BEA737326007D2600357A8C /* ChatRow.swift */,
				9B6695562604599B006E44E8 /* BadgeView.swift */,
			);
			path = Chats;
			sourceTree = "<group>";
		};
/* End PBXGroup section */

/* Begin PBXNativeTarget section */
		9B5829A925F37D6600B77BCC /* Telegram */ = {
			isa = PBXNativeTarget;
			buildConfigurationList = 9B5829DF25F37D6C00B77BCC /* Build configuration list for PBXNativeTarget "Telegram" */;
			buildPhases = (
				9B5829A825F37D6600B77BCC /* Resources */,
				9B5829DE25F37D6C00B77BCC /* Embed Watch Content */,
			);
			buildRules = (
			);
			dependencies = (
				9B5829B125F37D6600B77BCC /* PBXTargetDependency */,
			);
			name = Telegram;
			productName = Telegram;
			productReference = 9B5829AA25F37D6600B77BCC /* Telegram.app */;
			productType = "com.apple.product-type.application.watchapp2-container";
		};
		9B5829AD25F37D6600B77BCC /* Telegram WatchKit App */ = {
			isa = PBXNativeTarget;
			buildConfigurationList = 9B5829DB25F37D6C00B77BCC /* Build configuration list for PBXNativeTarget "Telegram WatchKit App" */;
			buildPhases = (
				9B5829AC25F37D6600B77BCC /* Resources */,
				9B5829DA25F37D6C00B77BCC /* Embed App Extensions */,
			);
			buildRules = (
			);
			dependencies = (
				9B5829C025F37D6B00B77BCC /* PBXTargetDependency */,
			);
			name = "Telegram WatchKit App";
			productName = "Telegram WatchKit App";
			productReference = 9B5829AE25F37D6600B77BCC /* Telegram WatchKit App.app */;
			productType = "com.apple.product-type.application.watchapp2";
		};
		9B5829BC25F37D6B00B77BCC /* Telegram WatchKit Extension */ = {
			isa = PBXNativeTarget;
			buildConfigurationList = 9B5829D725F37D6C00B77BCC /* Build configuration list for PBXNativeTarget "Telegram WatchKit Extension" */;
			buildPhases = (
				9B5829B925F37D6B00B77BCC /* Sources */,
				9B5829BA25F37D6B00B77BCC /* Frameworks */,
				9B5829BB25F37D6B00B77BCC /* Resources */,
			);
			buildRules = (
			);
			dependencies = (
			);
			name = "Telegram WatchKit Extension";
			packageProductDependencies = (
				9B861B9025F5D257007BAF8C /* QRCodeGenerator */,
				9B68CD86260F3FBE00587EF8 /* TDLib */,
			);
			productName = "Telegram WatchKit Extension";
			productReference = 9B5829BD25F37D6B00B77BCC /* Telegram WatchKit Extension.appex */;
			productType = "com.apple.product-type.watchkit2-extension";
		};
/* End PBXNativeTarget section */

/* Begin PBXProject section */
		9B5829A425F37D6600B77BCC /* Project object */ = {
			isa = PBXProject;
			attributes = {
				LastSwiftUpdateCheck = 1240;
				LastUpgradeCheck = 1240;
				TargetAttributes = {
					9B5829A925F37D6600B77BCC = {
						CreatedOnToolsVersion = 12.4;
					};
					9B5829AD25F37D6600B77BCC = {
						CreatedOnToolsVersion = 12.4;
					};
					9B5829BC25F37D6B00B77BCC = {
						CreatedOnToolsVersion = 12.4;
					};
				};
			};
			buildConfigurationList = 9B5829A725F37D6600B77BCC /* Build configuration list for PBXProject "Telegram" */;
			compatibilityVersion = "Xcode 9.3";
			developmentRegion = en;
			hasScannedForEncodings = 0;
			knownRegions = (
				en,
				Base,
			);
			mainGroup = 9B5829A325F37D6600B77BCC;
			packageReferences = (
				9B861B8F25F5D257007BAF8C /* XCRemoteSwiftPackageReference "swift-qrcode-generator" */,
			);
			productRefGroup = 9B5829AB25F37D6600B77BCC /* Products */;
			projectDirPath = "";
			projectRoot = "";
			targets = (
				9B5829A925F37D6600B77BCC /* Telegram */,
				9B5829AD25F37D6600B77BCC /* Telegram WatchKit App */,
				9B5829BC25F37D6B00B77BCC /* Telegram WatchKit Extension */,
			);
		};
/* End PBXProject section */

/* Begin PBXResourcesBuildPhase section */
		9B5829A825F37D6600B77BCC /* Resources */ = {
			isa = PBXResourcesBuildPhase;
			buildActionMask = 2147483647;
			files = (
			);
			runOnlyForDeploymentPostprocessing = 0;
		};
		9B5829AC25F37D6600B77BCC /* Resources */ = {
			isa = PBXResourcesBuildPhase;
			buildActionMask = 2147483647;
			files = (
				9B5829B725F37D6A00B77BCC /* Assets.xcassets in Resources */,
				9B5829B525F37D6600B77BCC /* Interface.storyboard in Resources */,
			);
			runOnlyForDeploymentPostprocessing = 0;
		};
		9B5829BB25F37D6B00B77BCC /* Resources */ = {
			isa = PBXResourcesBuildPhase;
			buildActionMask = 2147483647;
			files = (
				9B5829D225F37D6C00B77BCC /* Preview Assets.xcassets in Resources */,
				9B5829CF25F37D6C00B77BCC /* Assets.xcassets in Resources */,
			);
			runOnlyForDeploymentPostprocessing = 0;
		};
/* End PBXResourcesBuildPhase section */

/* Begin PBXSourcesBuildPhase section */
		9B5829B925F37D6B00B77BCC /* Sources */ = {
			isa = PBXSourcesBuildPhase;
			buildActionMask = 2147483647;
			files = (
				9B66956E2604E81E006E44E8 /* ChatList.swift in Sources */,
				9B5829C525F37D6B00B77BCC /* ContentView.swift in Sources */,
				9B5829C325F37D6B00B77BCC /* HostingController.swift in Sources */,
				9B6695732604E87E006E44E8 /* ChatListModel.swift in Sources */,
				9B5829C925F37D6B00B77BCC /* NotificationController.swift in Sources */,
				9B861B9625F5D6FD007BAF8C /* QRCodeShape.swift in Sources */,
				9B0C443F25F7157F001B3028 /* AuthModel.swift in Sources */,
				9B6695572604599B006E44E8 /* BadgeView.swift in Sources */,
				9B5829C725F37D6B00B77BCC /* ExtensionDelegate.swift in Sources */,
				9BEA737426007D2600357A8C /* ChatRow.swift in Sources */,
				9B5829CB25F37D6B00B77BCC /* NotificationView.swift in Sources */,
				9BC2426B2601D07D00FE83D8 /* MessageContent+StringConvertible.swift in Sources */,
				9B0C6FCB25F620DD00927854 /* TelegramService.swift in Sources */,
				9B414A6226020050008D8F33 /* TelegramShape.swift in Sources */,
				9B861B9B25F5E302007BAF8C /* LogInView.swift in Sources */,
				9B5829CD25F37D6B00B77BCC /* ComplicationController.swift in Sources */,
				9B0C444825F719ED001B3028 /* Bundle+Values.swift in Sources */,
			);
			runOnlyForDeploymentPostprocessing = 0;
		};
/* End PBXSourcesBuildPhase section */

/* Begin PBXTargetDependency section */
		9B5829B125F37D6600B77BCC /* PBXTargetDependency */ = {
			isa = PBXTargetDependency;
			target = 9B5829AD25F37D6600B77BCC /* Telegram WatchKit App */;
			targetProxy = 9B5829B025F37D6600B77BCC /* PBXContainerItemProxy */;
		};
		9B5829C025F37D6B00B77BCC /* PBXTargetDependency */ = {
			isa = PBXTargetDependency;
			target = 9B5829BC25F37D6B00B77BCC /* Telegram WatchKit Extension */;
			targetProxy = 9B5829BF25F37D6B00B77BCC /* PBXContainerItemProxy */;
		};
/* End PBXTargetDependency section */

/* Begin PBXVariantGroup section */
		9B5829B325F37D6600B77BCC /* Interface.storyboard */ = {
			isa = PBXVariantGroup;
			children = (
				9B5829B425F37D6600B77BCC /* Base */,
			);
			name = Interface.storyboard;
			sourceTree = "<group>";
		};
/* End PBXVariantGroup section */

/* Begin XCBuildConfiguration section */
		9B5829D525F37D6C00B77BCC /* Debug */ = {
			isa = XCBuildConfiguration;
			baseConfigurationReference = 9BE5B66E25F6292D00CD20AB /* Config.xcconfig */;
			buildSettings = {
				ALWAYS_SEARCH_USER_PATHS = NO;
				CLANG_ANALYZER_NONNULL = YES;
				CLANG_ANALYZER_NUMBER_OBJECT_CONVERSION = YES_AGGRESSIVE;
				CLANG_CXX_LANGUAGE_STANDARD = "gnu++14";
				CLANG_CXX_LIBRARY = "libc++";
				CLANG_ENABLE_MODULES = YES;
				CLANG_ENABLE_OBJC_ARC = YES;
				CLANG_ENABLE_OBJC_WEAK = YES;
				CLANG_WARN_BLOCK_CAPTURE_AUTORELEASING = YES;
				CLANG_WARN_BOOL_CONVERSION = YES;
				CLANG_WARN_COMMA = YES;
				CLANG_WARN_CONSTANT_CONVERSION = YES;
				CLANG_WARN_DEPRECATED_OBJC_IMPLEMENTATIONS = YES;
				CLANG_WARN_DIRECT_OBJC_ISA_USAGE = YES_ERROR;
				CLANG_WARN_DOCUMENTATION_COMMENTS = YES;
				CLANG_WARN_EMPTY_BODY = YES;
				CLANG_WARN_ENUM_CONVERSION = YES;
				CLANG_WARN_INFINITE_RECURSION = YES;
				CLANG_WARN_INT_CONVERSION = YES;
				CLANG_WARN_NON_LITERAL_NULL_CONVERSION = YES;
				CLANG_WARN_OBJC_IMPLICIT_RETAIN_SELF = YES;
				CLANG_WARN_OBJC_LITERAL_CONVERSION = YES;
				CLANG_WARN_OBJC_ROOT_CLASS = YES_ERROR;
				CLANG_WARN_QUOTED_INCLUDE_IN_FRAMEWORK_HEADER = YES;
				CLANG_WARN_RANGE_LOOP_ANALYSIS = YES;
				CLANG_WARN_STRICT_PROTOTYPES = YES;
				CLANG_WARN_SUSPICIOUS_MOVE = YES;
				CLANG_WARN_UNGUARDED_AVAILABILITY = YES_AGGRESSIVE;
				CLANG_WARN_UNREACHABLE_CODE = YES;
				CLANG_WARN__DUPLICATE_METHOD_MATCH = YES;
				COPY_PHASE_STRIP = NO;
				DEBUG_INFORMATION_FORMAT = dwarf;
				ENABLE_STRICT_OBJC_MSGSEND = YES;
				ENABLE_TESTABILITY = YES;
				GCC_C_LANGUAGE_STANDARD = gnu11;
				GCC_DYNAMIC_NO_PIC = NO;
				GCC_NO_COMMON_BLOCKS = YES;
				GCC_OPTIMIZATION_LEVEL = 0;
				GCC_PREPROCESSOR_DEFINITIONS = (
					"DEBUG=1",
					"$(inherited)",
				);
				GCC_WARN_64_TO_32_BIT_CONVERSION = YES;
				GCC_WARN_ABOUT_RETURN_TYPE = YES_ERROR;
				GCC_WARN_UNDECLARED_SELECTOR = YES;
				GCC_WARN_UNINITIALIZED_AUTOS = YES_AGGRESSIVE;
				GCC_WARN_UNUSED_FUNCTION = YES;
				GCC_WARN_UNUSED_VARIABLE = YES;
				MTL_ENABLE_DEBUG_INFO = INCLUDE_SOURCE;
				MTL_FAST_MATH = YES;
				ONLY_ACTIVE_ARCH = YES;
				SDKROOT = iphoneos;
				SWIFT_ACTIVE_COMPILATION_CONDITIONS = DEBUG;
				SWIFT_OPTIMIZATION_LEVEL = "-Onone";
			};
			name = Debug;
		};
		9B5829D625F37D6C00B77BCC /* Release */ = {
			isa = XCBuildConfiguration;
			baseConfigurationReference = 9BE5B66E25F6292D00CD20AB /* Config.xcconfig */;
			buildSettings = {
				ALWAYS_SEARCH_USER_PATHS = NO;
				CLANG_ANALYZER_NONNULL = YES;
				CLANG_ANALYZER_NUMBER_OBJECT_CONVERSION = YES_AGGRESSIVE;
				CLANG_CXX_LANGUAGE_STANDARD = "gnu++14";
				CLANG_CXX_LIBRARY = "libc++";
				CLANG_ENABLE_MODULES = YES;
				CLANG_ENABLE_OBJC_ARC = YES;
				CLANG_ENABLE_OBJC_WEAK = YES;
				CLANG_WARN_BLOCK_CAPTURE_AUTORELEASING = YES;
				CLANG_WARN_BOOL_CONVERSION = YES;
				CLANG_WARN_COMMA = YES;
				CLANG_WARN_CONSTANT_CONVERSION = YES;
				CLANG_WARN_DEPRECATED_OBJC_IMPLEMENTATIONS = YES;
				CLANG_WARN_DIRECT_OBJC_ISA_USAGE = YES_ERROR;
				CLANG_WARN_DOCUMENTATION_COMMENTS = YES;
				CLANG_WARN_EMPTY_BODY = YES;
				CLANG_WARN_ENUM_CONVERSION = YES;
				CLANG_WARN_INFINITE_RECURSION = YES;
				CLANG_WARN_INT_CONVERSION = YES;
				CLANG_WARN_NON_LITERAL_NULL_CONVERSION = YES;
				CLANG_WARN_OBJC_IMPLICIT_RETAIN_SELF = YES;
				CLANG_WARN_OBJC_LITERAL_CONVERSION = YES;
				CLANG_WARN_OBJC_ROOT_CLASS = YES_ERROR;
				CLANG_WARN_QUOTED_INCLUDE_IN_FRAMEWORK_HEADER = YES;
				CLANG_WARN_RANGE_LOOP_ANALYSIS = YES;
				CLANG_WARN_STRICT_PROTOTYPES = YES;
				CLANG_WARN_SUSPICIOUS_MOVE = YES;
				CLANG_WARN_UNGUARDED_AVAILABILITY = YES_AGGRESSIVE;
				CLANG_WARN_UNREACHABLE_CODE = YES;
				CLANG_WARN__DUPLICATE_METHOD_MATCH = YES;
				COPY_PHASE_STRIP = NO;
				DEBUG_INFORMATION_FORMAT = "dwarf-with-dsym";
				ENABLE_NS_ASSERTIONS = NO;
				ENABLE_STRICT_OBJC_MSGSEND = YES;
				GCC_C_LANGUAGE_STANDARD = gnu11;
				GCC_NO_COMMON_BLOCKS = YES;
				GCC_WARN_64_TO_32_BIT_CONVERSION = YES;
				GCC_WARN_ABOUT_RETURN_TYPE = YES_ERROR;
				GCC_WARN_UNDECLARED_SELECTOR = YES;
				GCC_WARN_UNINITIALIZED_AUTOS = YES_AGGRESSIVE;
				GCC_WARN_UNUSED_FUNCTION = YES;
				GCC_WARN_UNUSED_VARIABLE = YES;
				MTL_ENABLE_DEBUG_INFO = NO;
				MTL_FAST_MATH = YES;
				SDKROOT = iphoneos;
				SWIFT_COMPILATION_MODE = wholemodule;
				SWIFT_OPTIMIZATION_LEVEL = "-O";
				VALIDATE_PRODUCT = YES;
			};
			name = Release;
		};
		9B5829D825F37D6C00B77BCC /* Debug */ = {
			isa = XCBuildConfiguration;
			buildSettings = {
				ASSETCATALOG_COMPILER_COMPLICATION_NAME = Complication;
				CODE_SIGN_STYLE = Automatic;
				DEVELOPMENT_ASSET_PATHS = "\"Telegram WatchKit Extension/Preview Content\"";
				ENABLE_PREVIEWS = YES;
				"EXCLUDED_ARCHS[sdk=watchsimulator*]" = arm64;
				INFOPLIST_FILE = "Telegram WatchKit Extension/Info.plist";
				LD_RUNPATH_SEARCH_PATHS = (
					"$(inherited)",
					"@executable_path/Frameworks",
					"@executable_path/../../Frameworks",
				);
				LIBRARY_SEARCH_PATHS = "$(inherited)";
				PRODUCT_BUNDLE_IDENTIFIER = com.kkmoskalenko.Telegram.watchkitapp.watchkitextension;
				PRODUCT_NAME = "${TARGET_NAME}";
				SDKROOT = watchos;
				SKIP_INSTALL = YES;
				SWIFT_VERSION = 5.0;
				TARGETED_DEVICE_FAMILY = 4;
				VALIDATE_WORKSPACE = NO;
				WATCHOS_DEPLOYMENT_TARGET = 6.0;
			};
			name = Debug;
		};
		9B5829D925F37D6C00B77BCC /* Release */ = {
			isa = XCBuildConfiguration;
			buildSettings = {
				ASSETCATALOG_COMPILER_COMPLICATION_NAME = Complication;
				CODE_SIGN_STYLE = Automatic;
				DEVELOPMENT_ASSET_PATHS = "\"Telegram WatchKit Extension/Preview Content\"";
				ENABLE_PREVIEWS = YES;
				"EXCLUDED_ARCHS[sdk=watchsimulator*]" = arm64;
				INFOPLIST_FILE = "Telegram WatchKit Extension/Info.plist";
				LD_RUNPATH_SEARCH_PATHS = (
					"$(inherited)",
					"@executable_path/Frameworks",
					"@executable_path/../../Frameworks",
				);
				LIBRARY_SEARCH_PATHS = "$(inherited)";
				PRODUCT_BUNDLE_IDENTIFIER = com.kkmoskalenko.Telegram.watchkitapp.watchkitextension;
				PRODUCT_NAME = "${TARGET_NAME}";
				SDKROOT = watchos;
				SKIP_INSTALL = YES;
				SWIFT_VERSION = 5.0;
				TARGETED_DEVICE_FAMILY = 4;
				VALIDATE_WORKSPACE = NO;
				WATCHOS_DEPLOYMENT_TARGET = 6.0;
			};
			name = Release;
		};
		9B5829DC25F37D6C00B77BCC /* Debug */ = {
			isa = XCBuildConfiguration;
			buildSettings = {
				ALWAYS_EMBED_SWIFT_STANDARD_LIBRARIES = YES;
				ASSETCATALOG_COMPILER_APPICON_NAME = AppIcon;
				ASSETCATALOG_COMPILER_GLOBAL_ACCENT_COLOR_NAME = AccentColor;
				CODE_SIGN_STYLE = Automatic;
				IBSC_MODULE = Telegram_WatchKit_Extension;
				INFOPLIST_FILE = "Telegram WatchKit App/Info.plist";
				PRODUCT_BUNDLE_IDENTIFIER = com.kkmoskalenko.Telegram.watchkitapp;
				PRODUCT_NAME = "$(TARGET_NAME)";
				SDKROOT = watchos;
				SKIP_INSTALL = YES;
				SWIFT_VERSION = 5.0;
				TARGETED_DEVICE_FAMILY = 4;
				WATCHOS_DEPLOYMENT_TARGET = 6.0;
			};
			name = Debug;
		};
		9B5829DD25F37D6C00B77BCC /* Release */ = {
			isa = XCBuildConfiguration;
			buildSettings = {
				ALWAYS_EMBED_SWIFT_STANDARD_LIBRARIES = YES;
				ASSETCATALOG_COMPILER_APPICON_NAME = AppIcon;
				ASSETCATALOG_COMPILER_GLOBAL_ACCENT_COLOR_NAME = AccentColor;
				CODE_SIGN_STYLE = Automatic;
				IBSC_MODULE = Telegram_WatchKit_Extension;
				INFOPLIST_FILE = "Telegram WatchKit App/Info.plist";
				PRODUCT_BUNDLE_IDENTIFIER = com.kkmoskalenko.Telegram.watchkitapp;
				PRODUCT_NAME = "$(TARGET_NAME)";
				SDKROOT = watchos;
				SKIP_INSTALL = YES;
				SWIFT_VERSION = 5.0;
				TARGETED_DEVICE_FAMILY = 4;
				WATCHOS_DEPLOYMENT_TARGET = 6.0;
			};
			name = Release;
		};
		9B5829E025F37D6C00B77BCC /* Debug */ = {
			isa = XCBuildConfiguration;
			buildSettings = {
				CODE_SIGN_STYLE = Automatic;
				CURRENT_PROJECT_VERSION = 1;
				MARKETING_VERSION = 1.0;
				PRODUCT_BUNDLE_IDENTIFIER = com.kkmoskalenko.Telegram;
				PRODUCT_NAME = "$(TARGET_NAME)";
				SWIFT_VERSION = 5.0;
			};
			name = Debug;
		};
		9B5829E125F37D6C00B77BCC /* Release */ = {
			isa = XCBuildConfiguration;
			buildSettings = {
				CODE_SIGN_STYLE = Automatic;
				CURRENT_PROJECT_VERSION = 1;
				MARKETING_VERSION = 1.0;
				PRODUCT_BUNDLE_IDENTIFIER = com.kkmoskalenko.Telegram;
				PRODUCT_NAME = "$(TARGET_NAME)";
				SWIFT_VERSION = 5.0;
			};
			name = Release;
		};
/* End XCBuildConfiguration section */

/* Begin XCConfigurationList section */
		9B5829A725F37D6600B77BCC /* Build configuration list for PBXProject "Telegram" */ = {
			isa = XCConfigurationList;
			buildConfigurations = (
				9B5829D525F37D6C00B77BCC /* Debug */,
				9B5829D625F37D6C00B77BCC /* Release */,
			);
			defaultConfigurationIsVisible = 0;
			defaultConfigurationName = Release;
		};
		9B5829D725F37D6C00B77BCC /* Build configuration list for PBXNativeTarget "Telegram WatchKit Extension" */ = {
			isa = XCConfigurationList;
			buildConfigurations = (
				9B5829D825F37D6C00B77BCC /* Debug */,
				9B5829D925F37D6C00B77BCC /* Release */,
			);
			defaultConfigurationIsVisible = 0;
			defaultConfigurationName = Release;
		};
		9B5829DB25F37D6C00B77BCC /* Build configuration list for PBXNativeTarget "Telegram WatchKit App" */ = {
			isa = XCConfigurationList;
			buildConfigurations = (
				9B5829DC25F37D6C00B77BCC /* Debug */,
				9B5829DD25F37D6C00B77BCC /* Release */,
			);
			defaultConfigurationIsVisible = 0;
			defaultConfigurationName = Release;
		};
		9B5829DF25F37D6C00B77BCC /* Build configuration list for PBXNativeTarget "Telegram" */ = {
			isa = XCConfigurationList;
			buildConfigurations = (
				9B5829E025F37D6C00B77BCC /* Debug */,
				9B5829E125F37D6C00B77BCC /* Release */,
			);
			defaultConfigurationIsVisible = 0;
			defaultConfigurationName = Release;
		};
/* End XCConfigurationList section */

/* Begin XCRemoteSwiftPackageReference section */
		9B861B8F25F5D257007BAF8C /* XCRemoteSwiftPackageReference "swift-qrcode-generator" */ = {
			isa = XCRemoteSwiftPackageReference;
			repositoryURL = "https://github.com/fwcd/swift-qrcode-generator.git";
			requirement = {
				kind = upToNextMajorVersion;
				minimumVersion = 0.0.3;
			};
		};
/* End XCRemoteSwiftPackageReference section */

/* Begin XCSwiftPackageProductDependency section */
		9B68CD86260F3FBE00587EF8 /* TDLib */ = {
			isa = XCSwiftPackageProductDependency;
			productName = TDLib;
		};
		9B861B9025F5D257007BAF8C /* QRCodeGenerator */ = {
			isa = XCSwiftPackageProductDependency;
			package = 9B861B8F25F5D257007BAF8C /* XCRemoteSwiftPackageReference "swift-qrcode-generator" */;
			productName = QRCodeGenerator;
		};
/* End XCSwiftPackageProductDependency section */
	};
	rootObject = 9B5829A425F37D6600B77BCC /* Project object */;
}
